
Microsoft Visual Studio Solution File, Format Version 12.00
# Visual Studio Version 17
VisualStudioVersion = 17.7.34031.279
MinimumVisualStudioVersion = 10.0.40219.1
Project("{2150E333-8FDC-42A3-9474-1A3956D46DE8}") = "etemplate", "etemplate", "{CE86F8A2-E537-49FD-B14A-C2743DD452FA}"
EndProject
Project("{9A19103F-16F7-4668-BE54-9A1E7A4F7556}") = "Domain", "etemplate\Domain\Domain.csproj", "{4DFFBD3B-6517-4EDB-85E0-29D9771A76D5}"
EndProject
Project("{9A19103F-16F7-4668-BE54-9A1E7A4F7556}") = "Application", "etemplate\Application\Application.csproj", "{6525C395-C46D-484A-AF34-D29C3CDC2902}"
EndProject
Project("{9A19103F-16F7-4668-BE54-9A1E7A4F7556}") = "Infrastructure", "etemplate\Infrastructure\Infrastructure.csproj", "{72842453-BE10-4C9F-B787-3A4A463DDDC4}"
EndProject
Project("{9A19103F-16F7-4668-BE54-9A1E7A4F7556}") = "Persistence", "etemplate\Persistence\Persistence.csproj", "{9A4E5681-E297-4819-8033-1467F8FEDC1D}"
EndProject
Project("{9A19103F-16F7-4668-BE54-9A1E7A4F7556}") = "WebApi", "etemplate\WebApi\WebApi.csproj", "{E2F3CE71-EA84-44C5-B3F9-258447AB541F}"
EndProject
Project("{9A19103F-16F7-4668-BE54-9A1E7A4F7556}") = "Migration", "etemplate\Migration\Migration.csproj", "{C4439D6F-09ED-405A-A408-54320E041B69}"
EndProject
Project("{2150E333-8FDC-42A3-9474-1A3956D46DE8}") = "src", "src", "{8D421ACB-0BC5-423E-B123-17C9214FED3E}"
EndProject
Project("{2150E333-8FDC-42A3-9474-1A3956D46DE8}") = "core", "core", "{2FCACED1-A080-4AC0-9091-76ACCB216B08}"
EndProject
Project("{9A19103F-16F7-4668-BE54-9A1E7A4F7556}") = "Core.MessageBrokers", "src\core\Core.MessageBrokers\Core.MessageBrokers.csproj", "{8AB27948-6299-4BE3-853D-FCBF799BC524}"
EndProject
Project("{9A19103F-16F7-4668-BE54-9A1E7A4F7556}") = "Core.Events", "src\core\Core.Events\Core.Events.csproj", "{F99C82B1-6AA5-41BD-9AAD-CECBAB97E317}"
EndProject
Project("{2150E333-8FDC-42A3-9474-1A3956D46DE8}") = "services", "services", "{218852E5-7197-4C38-AEEB-4DE5AD95B930}"
EndProject
Project("{2150E333-8FDC-42A3-9474-1A3956D46DE8}") = "saga", "saga", "{259DC261-0E7F-42FA-8058-8A39774A7BBE}"
EndProject
Project("{9A19103F-16F7-4668-BE54-9A1E7A4F7556}") = "Saga.Service", "src\services\saga\Saga.Service\Saga.Service.csproj", "{6D0F6734-B3FE-4657-8DF9-490CB021C7D9}"
EndProject
Project("{9A19103F-16F7-4668-BE54-9A1E7A4F7556}") = "Saga.Application", "src\services\saga\Saga.Application\Saga.Application.csproj", "{39BBE827-B481-4B01-9D6F-ECAA5AF9E5DC}"
EndProject
Project("{9A19103F-16F7-4668-BE54-9A1E7A4F7556}") = "Saga.Persistence", "src\services\saga\Saga.Persistence\Saga.Persistence.csproj", "{77F9A3FB-4173-4642-8239-AC429CF205DC}"
EndProject
Project("{2150E333-8FDC-42A3-9474-1A3956D46DE8}") = "Solution Items", "Solution Items", "{E6F0D9E6-7F9F-4E1E-819C-1D070791077D}"
	ProjectSection(SolutionItems) = preProject
		Context.txt = Context.txt
	EndProjectSection
EndProject
Project("{2150E333-8FDC-42A3-9474-1A3956D46DE8}") = "apigateway", "apigateway", "{E72C9F16-4F0A-43AF-A35F-4CE4CC23DC96}"
EndProject
Project("{2150E333-8FDC-42A3-9474-1A3956D46DE8}") = "identity", "identity", "{8A134974-F2EA-42CD-AF39-25D2332ED86C}"
EndProject
Project("{9A19103F-16F7-4668-BE54-9A1E7A4F7556}") = "Core.Protos", "src\core\Core.Protos\Core.Protos.csproj", "{90A2EDB1-AD64-4E61-AE61-4869A8CE9EA9}"
EndProject
Project("{2150E333-8FDC-42A3-9474-1A3956D46DE8}") = "customer", "customer", "{BE8C9720-5AA6-4BE6-AF84-1A50E963E65D}"
EndProject
Project("{2150E333-8FDC-42A3-9474-1A3956D46DE8}") = "todo", "todo", "{725AB31D-8734-41CB-89CA-7C984E3532C1}"
EndProject
Project("{9A19103F-16F7-4668-BE54-9A1E7A4F7556}") = "Todo.Domain", "src\services\todo\Todo.Domain\Todo.Domain.csproj", "{F4594A25-F245-490D-9C5E-EE4224A121C6}"
EndProject
Project("{9A19103F-16F7-4668-BE54-9A1E7A4F7556}") = "Todo.Application", "src\services\todo\Todo.Application\Todo.Application.csproj", "{3F02244A-540F-4AC7-8AE8-9365F9176385}"
EndProject
Project("{9A19103F-16F7-4668-BE54-9A1E7A4F7556}") = "Todo.Infrastructure", "src\services\todo\Todo.Infrastructure\Todo.Infrastructure.csproj", "{B34305AF-4D26-4C5F-8BF2-6569793ED967}"
EndProject
Project("{9A19103F-16F7-4668-BE54-9A1E7A4F7556}") = "Todo.Persistence", "src\services\todo\Todo.Persistence\Todo.Persistence.csproj", "{CC6A09BA-0CC4-4CC8-8339-1224178ECDD3}"
EndProject
Project("{9A19103F-16F7-4668-BE54-9A1E7A4F7556}") = "Todo.API", "src\services\todo\Todo.API\Todo.API.csproj", "{A9B187E5-2AEA-4AE2-9661-165E348D6F13}"
EndProject
Project("{FAE04EC0-301F-11D3-BF4B-00C04F79EFBC}") = "Customer.Domain", "src\services\customer\Customer.Domain\Customer.Domain.csproj", "{F9CE4ABD-6B94-4884-911F-280A2FB32BF3}"
EndProject
Project("{FAE04EC0-301F-11D3-BF4B-00C04F79EFBC}") = "Customer.Application", "src\services\customer\Customer.Application\Customer.Application.csproj", "{F3D0FD05-D260-483A-8695-A77C09EFA04B}"
EndProject
Project("{FAE04EC0-301F-11D3-BF4B-00C04F79EFBC}") = "Customer.Infrastructure", "src\services\customer\Customer.Infrastructure\Customer.Infrastructure.csproj", "{7A684AD2-6D5C-44FF-A503-01C0C2B9E5E3}"
EndProject
Project("{FAE04EC0-301F-11D3-BF4B-00C04F79EFBC}") = "Customer.Persistence", "src\services\customer\Customer.Persistence\Customer.Persistence.csproj", "{8639443B-BD30-4280-9BA2-8DC8DE153857}"
EndProject
Project("{FAE04EC0-301F-11D3-BF4B-00C04F79EFBC}") = "Customer.API", "src\services\customer\Customer.API\Customer.API.csproj", "{D2A7D048-6D08-477A-BDBB-CC896C3E0180}"
EndProject
Project("{FAE04EC0-301F-11D3-BF4B-00C04F79EFBC}") = "Identity.Domain", "src\services\identity\Identity.Domain\Identity.Domain.csproj", "{7F23C689-8BEF-4CA1-AB60-DA6E51C01D0E}"
EndProject
Project("{FAE04EC0-301F-11D3-BF4B-00C04F79EFBC}") = "Identity.Application", "src\services\identity\Identity.Application\Identity.Application.csproj", "{13CD9F0E-3F65-4365-82A4-2D3B59739823}"
EndProject
Project("{FAE04EC0-301F-11D3-BF4B-00C04F79EFBC}") = "Identity.Infrastructure", "src\services\identity\Identity.Infrastructure\Identity.Infrastructure.csproj", "{CA0B23B2-F403-4A19-9556-B187DDFFD601}"
EndProject
Project("{FAE04EC0-301F-11D3-BF4B-00C04F79EFBC}") = "Identity.Persistence", "src\services\identity\Identity.Persistence\Identity.Persistence.csproj", "{415FB7D0-63DA-411B-8F70-47DE18ED1715}"
EndProject
Project("{FAE04EC0-301F-11D3-BF4B-00C04F79EFBC}") = "Identity.API", "src\services\identity\Identity.API\Identity.API.csproj", "{7749740F-F577-4940-95BA-4635F5E7F118}"
EndProject
Global
	GlobalSection(SolutionConfigurationPlatforms) = preSolution
		Debug|Any CPU = Debug|Any CPU
		Release|Any CPU = Release|Any CPU
	EndGlobalSection
	GlobalSection(ProjectConfigurationPlatforms) = postSolution
		{4DFFBD3B-6517-4EDB-85E0-29D9771A76D5}.Debug|Any CPU.ActiveCfg = Debug|Any CPU
		{4DFFBD3B-6517-4EDB-85E0-29D9771A76D5}.Debug|Any CPU.Build.0 = Debug|Any CPU
		{4DFFBD3B-6517-4EDB-85E0-29D9771A76D5}.Release|Any CPU.ActiveCfg = Release|Any CPU
		{4DFFBD3B-6517-4EDB-85E0-29D9771A76D5}.Release|Any CPU.Build.0 = Release|Any CPU
		{6525C395-C46D-484A-AF34-D29C3CDC2902}.Debug|Any CPU.ActiveCfg = Debug|Any CPU
		{6525C395-C46D-484A-AF34-D29C3CDC2902}.Debug|Any CPU.Build.0 = Debug|Any CPU
		{6525C395-C46D-484A-AF34-D29C3CDC2902}.Release|Any CPU.ActiveCfg = Release|Any CPU
		{6525C395-C46D-484A-AF34-D29C3CDC2902}.Release|Any CPU.Build.0 = Release|Any CPU
		{72842453-BE10-4C9F-B787-3A4A463DDDC4}.Debug|Any CPU.ActiveCfg = Debug|Any CPU
		{72842453-BE10-4C9F-B787-3A4A463DDDC4}.Debug|Any CPU.Build.0 = Debug|Any CPU
		{72842453-BE10-4C9F-B787-3A4A463DDDC4}.Release|Any CPU.ActiveCfg = Release|Any CPU
		{72842453-BE10-4C9F-B787-3A4A463DDDC4}.Release|Any CPU.Build.0 = Release|Any CPU
		{9A4E5681-E297-4819-8033-1467F8FEDC1D}.Debug|Any CPU.ActiveCfg = Debug|Any CPU
		{9A4E5681-E297-4819-8033-1467F8FEDC1D}.Debug|Any CPU.Build.0 = Debug|Any CPU
		{9A4E5681-E297-4819-8033-1467F8FEDC1D}.Release|Any CPU.ActiveCfg = Release|Any CPU
		{9A4E5681-E297-4819-8033-1467F8FEDC1D}.Release|Any CPU.Build.0 = Release|Any CPU
		{E2F3CE71-EA84-44C5-B3F9-258447AB541F}.Debug|Any CPU.ActiveCfg = Debug|Any CPU
		{E2F3CE71-EA84-44C5-B3F9-258447AB541F}.Debug|Any CPU.Build.0 = Debug|Any CPU
		{E2F3CE71-EA84-44C5-B3F9-258447AB541F}.Release|Any CPU.ActiveCfg = Release|Any CPU
		{E2F3CE71-EA84-44C5-B3F9-258447AB541F}.Release|Any CPU.Build.0 = Release|Any CPU
		{C4439D6F-09ED-405A-A408-54320E041B69}.Debug|Any CPU.ActiveCfg = Debug|Any CPU
		{C4439D6F-09ED-405A-A408-54320E041B69}.Debug|Any CPU.Build.0 = Debug|Any CPU
		{C4439D6F-09ED-405A-A408-54320E041B69}.Release|Any CPU.ActiveCfg = Release|Any CPU
		{C4439D6F-09ED-405A-A408-54320E041B69}.Release|Any CPU.Build.0 = Release|Any CPU
		{8AB27948-6299-4BE3-853D-FCBF799BC524}.Debug|Any CPU.ActiveCfg = Debug|Any CPU
		{8AB27948-6299-4BE3-853D-FCBF799BC524}.Debug|Any CPU.Build.0 = Debug|Any CPU
		{8AB27948-6299-4BE3-853D-FCBF799BC524}.Release|Any CPU.ActiveCfg = Release|Any CPU
		{8AB27948-6299-4BE3-853D-FCBF799BC524}.Release|Any CPU.Build.0 = Release|Any CPU
		{F99C82B1-6AA5-41BD-9AAD-CECBAB97E317}.Debug|Any CPU.ActiveCfg = Debug|Any CPU
		{F99C82B1-6AA5-41BD-9AAD-CECBAB97E317}.Debug|Any CPU.Build.0 = Debug|Any CPU
		{F99C82B1-6AA5-41BD-9AAD-CECBAB97E317}.Release|Any CPU.ActiveCfg = Release|Any CPU
		{F99C82B1-6AA5-41BD-9AAD-CECBAB97E317}.Release|Any CPU.Build.0 = Release|Any CPU
		{6D0F6734-B3FE-4657-8DF9-490CB021C7D9}.Debug|Any CPU.ActiveCfg = Debug|Any CPU
		{6D0F6734-B3FE-4657-8DF9-490CB021C7D9}.Debug|Any CPU.Build.0 = Debug|Any CPU
		{6D0F6734-B3FE-4657-8DF9-490CB021C7D9}.Release|Any CPU.ActiveCfg = Release|Any CPU
		{6D0F6734-B3FE-4657-8DF9-490CB021C7D9}.Release|Any CPU.Build.0 = Release|Any CPU
		{39BBE827-B481-4B01-9D6F-ECAA5AF9E5DC}.Debug|Any CPU.ActiveCfg = Debug|Any CPU
		{39BBE827-B481-4B01-9D6F-ECAA5AF9E5DC}.Debug|Any CPU.Build.0 = Debug|Any CPU
		{39BBE827-B481-4B01-9D6F-ECAA5AF9E5DC}.Release|Any CPU.ActiveCfg = Release|Any CPU
		{39BBE827-B481-4B01-9D6F-ECAA5AF9E5DC}.Release|Any CPU.Build.0 = Release|Any CPU
		{77F9A3FB-4173-4642-8239-AC429CF205DC}.Debug|Any CPU.ActiveCfg = Debug|Any CPU
		{77F9A3FB-4173-4642-8239-AC429CF205DC}.Debug|Any CPU.Build.0 = Debug|Any CPU
		{77F9A3FB-4173-4642-8239-AC429CF205DC}.Release|Any CPU.ActiveCfg = Release|Any CPU
		{77F9A3FB-4173-4642-8239-AC429CF205DC}.Release|Any CPU.Build.0 = Release|Any CPU
		{90A2EDB1-AD64-4E61-AE61-4869A8CE9EA9}.Debug|Any CPU.ActiveCfg = Debug|Any CPU
		{90A2EDB1-AD64-4E61-AE61-4869A8CE9EA9}.Debug|Any CPU.Build.0 = Debug|Any CPU
		{90A2EDB1-AD64-4E61-AE61-4869A8CE9EA9}.Release|Any CPU.ActiveCfg = Release|Any CPU
		{90A2EDB1-AD64-4E61-AE61-4869A8CE9EA9}.Release|Any CPU.Build.0 = Release|Any CPU
		{F4594A25-F245-490D-9C5E-EE4224A121C6}.Debug|Any CPU.ActiveCfg = Debug|Any CPU
		{F4594A25-F245-490D-9C5E-EE4224A121C6}.Debug|Any CPU.Build.0 = Debug|Any CPU
		{F4594A25-F245-490D-9C5E-EE4224A121C6}.Release|Any CPU.ActiveCfg = Release|Any CPU
		{F4594A25-F245-490D-9C5E-EE4224A121C6}.Release|Any CPU.Build.0 = Release|Any CPU
		{3F02244A-540F-4AC7-8AE8-9365F9176385}.Debug|Any CPU.ActiveCfg = Debug|Any CPU
		{3F02244A-540F-4AC7-8AE8-9365F9176385}.Debug|Any CPU.Build.0 = Debug|Any CPU
		{3F02244A-540F-4AC7-8AE8-9365F9176385}.Release|Any CPU.ActiveCfg = Release|Any CPU
		{3F02244A-540F-4AC7-8AE8-9365F9176385}.Release|Any CPU.Build.0 = Release|Any CPU
		{B34305AF-4D26-4C5F-8BF2-6569793ED967}.Debug|Any CPU.ActiveCfg = Debug|Any CPU
		{B34305AF-4D26-4C5F-8BF2-6569793ED967}.Debug|Any CPU.Build.0 = Debug|Any CPU
		{B34305AF-4D26-4C5F-8BF2-6569793ED967}.Release|Any CPU.ActiveCfg = Release|Any CPU
		{B34305AF-4D26-4C5F-8BF2-6569793ED967}.Release|Any CPU.Build.0 = Release|Any CPU
		{CC6A09BA-0CC4-4CC8-8339-1224178ECDD3}.Debug|Any CPU.ActiveCfg = Debug|Any CPU
		{CC6A09BA-0CC4-4CC8-8339-1224178ECDD3}.Debug|Any CPU.Build.0 = Debug|Any CPU
		{CC6A09BA-0CC4-4CC8-8339-1224178ECDD3}.Release|Any CPU.ActiveCfg = Release|Any CPU
		{CC6A09BA-0CC4-4CC8-8339-1224178ECDD3}.Release|Any CPU.Build.0 = Release|Any CPU
		{A9B187E5-2AEA-4AE2-9661-165E348D6F13}.Debug|Any CPU.ActiveCfg = Debug|Any CPU
		{A9B187E5-2AEA-4AE2-9661-165E348D6F13}.Debug|Any CPU.Build.0 = Debug|Any CPU
		{A9B187E5-2AEA-4AE2-9661-165E348D6F13}.Release|Any CPU.ActiveCfg = Release|Any CPU
		{A9B187E5-2AEA-4AE2-9661-165E348D6F13}.Release|Any CPU.Build.0 = Release|Any CPU
		{F9CE4ABD-6B94-4884-911F-280A2FB32BF3}.Debug|Any CPU.ActiveCfg = Debug|Any CPU
		{F9CE4ABD-6B94-4884-911F-280A2FB32BF3}.Debug|Any CPU.Build.0 = Debug|Any CPU
		{F9CE4ABD-6B94-4884-911F-280A2FB32BF3}.Release|Any CPU.ActiveCfg = Release|Any CPU
		{F9CE4ABD-6B94-4884-911F-280A2FB32BF3}.Release|Any CPU.Build.0 = Release|Any CPU
		{F3D0FD05-D260-483A-8695-A77C09EFA04B}.Debug|Any CPU.ActiveCfg = Debug|Any CPU
		{F3D0FD05-D260-483A-8695-A77C09EFA04B}.Debug|Any CPU.Build.0 = Debug|Any CPU
		{F3D0FD05-D260-483A-8695-A77C09EFA04B}.Release|Any CPU.ActiveCfg = Release|Any CPU
		{F3D0FD05-D260-483A-8695-A77C09EFA04B}.Release|Any CPU.Build.0 = Release|Any CPU
		{7A684AD2-6D5C-44FF-A503-01C0C2B9E5E3}.Debug|Any CPU.ActiveCfg = Debug|Any CPU
		{7A684AD2-6D5C-44FF-A503-01C0C2B9E5E3}.Debug|Any CPU.Build.0 = Debug|Any CPU
		{7A684AD2-6D5C-44FF-A503-01C0C2B9E5E3}.Release|Any CPU.ActiveCfg = Release|Any CPU
		{7A684AD2-6D5C-44FF-A503-01C0C2B9E5E3}.Release|Any CPU.Build.0 = Release|Any CPU
		{8639443B-BD30-4280-9BA2-8DC8DE153857}.Debug|Any CPU.ActiveCfg = Debug|Any CPU
		{8639443B-BD30-4280-9BA2-8DC8DE153857}.Debug|Any CPU.Build.0 = Debug|Any CPU
		{8639443B-BD30-4280-9BA2-8DC8DE153857}.Release|Any CPU.ActiveCfg = Release|Any CPU
		{8639443B-BD30-4280-9BA2-8DC8DE153857}.Release|Any CPU.Build.0 = Release|Any CPU
		{D2A7D048-6D08-477A-BDBB-CC896C3E0180}.Debug|Any CPU.ActiveCfg = Debug|Any CPU
		{D2A7D048-6D08-477A-BDBB-CC896C3E0180}.Debug|Any CPU.Build.0 = Debug|Any CPU
		{D2A7D048-6D08-477A-BDBB-CC896C3E0180}.Release|Any CPU.ActiveCfg = Release|Any CPU
		{D2A7D048-6D08-477A-BDBB-CC896C3E0180}.Release|Any CPU.Build.0 = Release|Any CPU
		{7F23C689-8BEF-4CA1-AB60-DA6E51C01D0E}.Debug|Any CPU.ActiveCfg = Debug|Any CPU
		{7F23C689-8BEF-4CA1-AB60-DA6E51C01D0E}.Debug|Any CPU.Build.0 = Debug|Any CPU
		{7F23C689-8BEF-4CA1-AB60-DA6E51C01D0E}.Release|Any CPU.ActiveCfg = Release|Any CPU
		{7F23C689-8BEF-4CA1-AB60-DA6E51C01D0E}.Release|Any CPU.Build.0 = Release|Any CPU
		{13CD9F0E-3F65-4365-82A4-2D3B59739823}.Debug|Any CPU.ActiveCfg = Debug|Any CPU
		{13CD9F0E-3F65-4365-82A4-2D3B59739823}.Debug|Any CPU.Build.0 = Debug|Any CPU
		{13CD9F0E-3F65-4365-82A4-2D3B59739823}.Release|Any CPU.ActiveCfg = Release|Any CPU
		{13CD9F0E-3F65-4365-82A4-2D3B59739823}.Release|Any CPU.Build.0 = Release|Any CPU
		{CA0B23B2-F403-4A19-9556-B187DDFFD601}.Debug|Any CPU.ActiveCfg = Debug|Any CPU
		{CA0B23B2-F403-4A19-9556-B187DDFFD601}.Debug|Any CPU.Build.0 = Debug|Any CPU
		{CA0B23B2-F403-4A19-9556-B187DDFFD601}.Release|Any CPU.ActiveCfg = Release|Any CPU
		{CA0B23B2-F403-4A19-9556-B187DDFFD601}.Release|Any CPU.Build.0 = Release|Any CPU
		{415FB7D0-63DA-411B-8F70-47DE18ED1715}.Debug|Any CPU.ActiveCfg = Debug|Any CPU
		{415FB7D0-63DA-411B-8F70-47DE18ED1715}.Debug|Any CPU.Build.0 = Debug|Any CPU
		{415FB7D0-63DA-411B-8F70-47DE18ED1715}.Release|Any CPU.ActiveCfg = Release|Any CPU
		{415FB7D0-63DA-411B-8F70-47DE18ED1715}.Release|Any CPU.Build.0 = Release|Any CPU
		{7749740F-F577-4940-95BA-4635F5E7F118}.Debug|Any CPU.ActiveCfg = Debug|Any CPU
		{7749740F-F577-4940-95BA-4635F5E7F118}.Debug|Any CPU.Build.0 = Debug|Any CPU
		{7749740F-F577-4940-95BA-4635F5E7F118}.Release|Any CPU.ActiveCfg = Release|Any CPU
		{7749740F-F577-4940-95BA-4635F5E7F118}.Release|Any CPU.Build.0 = Release|Any CPU
	EndGlobalSection
	GlobalSection(SolutionProperties) = preSolution
		HideSolutionNode = FALSE
	EndGlobalSection
	GlobalSection(NestedProjects) = preSolution
		{4DFFBD3B-6517-4EDB-85E0-29D9771A76D5} = {CE86F8A2-E537-49FD-B14A-C2743DD452FA}
		{6525C395-C46D-484A-AF34-D29C3CDC2902} = {CE86F8A2-E537-49FD-B14A-C2743DD452FA}
		{72842453-BE10-4C9F-B787-3A4A463DDDC4} = {CE86F8A2-E537-49FD-B14A-C2743DD452FA}
		{9A4E5681-E297-4819-8033-1467F8FEDC1D} = {CE86F8A2-E537-49FD-B14A-C2743DD452FA}
		{E2F3CE71-EA84-44C5-B3F9-258447AB541F} = {CE86F8A2-E537-49FD-B14A-C2743DD452FA}
		{C4439D6F-09ED-405A-A408-54320E041B69} = {CE86F8A2-E537-49FD-B14A-C2743DD452FA}
		{8AB27948-6299-4BE3-853D-FCBF799BC524} = {2FCACED1-A080-4AC0-9091-76ACCB216B08}
		{F99C82B1-6AA5-41BD-9AAD-CECBAB97E317} = {2FCACED1-A080-4AC0-9091-76ACCB216B08}
		{218852E5-7197-4C38-AEEB-4DE5AD95B930} = {8D421ACB-0BC5-423E-B123-17C9214FED3E}
		{259DC261-0E7F-42FA-8058-8A39774A7BBE} = {8D421ACB-0BC5-423E-B123-17C9214FED3E}
		{6D0F6734-B3FE-4657-8DF9-490CB021C7D9} = {259DC261-0E7F-42FA-8058-8A39774A7BBE}
		{39BBE827-B481-4B01-9D6F-ECAA5AF9E5DC} = {259DC261-0E7F-42FA-8058-8A39774A7BBE}
		{77F9A3FB-4173-4642-8239-AC429CF205DC} = {259DC261-0E7F-42FA-8058-8A39774A7BBE}
		{E72C9F16-4F0A-43AF-A35F-4CE4CC23DC96} = {8D421ACB-0BC5-423E-B123-17C9214FED3E}
		{8A134974-F2EA-42CD-AF39-25D2332ED86C} = {218852E5-7197-4C38-AEEB-4DE5AD95B930}
		{90A2EDB1-AD64-4E61-AE61-4869A8CE9EA9} = {2FCACED1-A080-4AC0-9091-76ACCB216B08}
		{BE8C9720-5AA6-4BE6-AF84-1A50E963E65D} = {218852E5-7197-4C38-AEEB-4DE5AD95B930}
		{725AB31D-8734-41CB-89CA-7C984E3532C1} = {218852E5-7197-4C38-AEEB-4DE5AD95B930}
		{F4594A25-F245-490D-9C5E-EE4224A121C6} = {725AB31D-8734-41CB-89CA-7C984E3532C1}
		{3F02244A-540F-4AC7-8AE8-9365F9176385} = {725AB31D-8734-41CB-89CA-7C984E3532C1}
		{B34305AF-4D26-4C5F-8BF2-6569793ED967} = {725AB31D-8734-41CB-89CA-7C984E3532C1}
		{CC6A09BA-0CC4-4CC8-8339-1224178ECDD3} = {725AB31D-8734-41CB-89CA-7C984E3532C1}
		{A9B187E5-2AEA-4AE2-9661-165E348D6F13} = {725AB31D-8734-41CB-89CA-7C984E3532C1}
		{F9CE4ABD-6B94-4884-911F-280A2FB32BF3} = {BE8C9720-5AA6-4BE6-AF84-1A50E963E65D}
		{F3D0FD05-D260-483A-8695-A77C09EFA04B} = {BE8C9720-5AA6-4BE6-AF84-1A50E963E65D}
		{7A684AD2-6D5C-44FF-A503-01C0C2B9E5E3} = {BE8C9720-5AA6-4BE6-AF84-1A50E963E65D}
		{8639443B-BD30-4280-9BA2-8DC8DE153857} = {BE8C9720-5AA6-4BE6-AF84-1A50E963E65D}
		{D2A7D048-6D08-477A-BDBB-CC896C3E0180} = {BE8C9720-5AA6-4BE6-AF84-1A50E963E65D}
		{7F23C689-8BEF-4CA1-AB60-DA6E51C01D0E} = {8A134974-F2EA-42CD-AF39-25D2332ED86C}
		{13CD9F0E-3F65-4365-82A4-2D3B59739823} = {8A134974-F2EA-42CD-AF39-25D2332ED86C}
		{CA0B23B2-F403-4A19-9556-B187DDFFD601} = {8A134974-F2EA-42CD-AF39-25D2332ED86C}
		{415FB7D0-63DA-411B-8F70-47DE18ED1715} = {8A134974-F2EA-42CD-AF39-25D2332ED86C}
		{7749740F-F577-4940-95BA-4635F5E7F118} = {8A134974-F2EA-42CD-AF39-25D2332ED86C}
	EndGlobalSection
	GlobalSection(ExtensibilityGlobals) = postSolution
		SolutionGuid = {53CE8155-D653-41F9-BC2B-25E8009A4DC1}
	EndGlobalSection
EndGlobal
