
Microsoft Visual Studio Solution File, Format Version 12.00
# Visual Studio Version 17
VisualStudioVersion = 17.7.34031.279
MinimumVisualStudioVersion = 10.0.40219.1
Project("{2150E333-8FDC-42A3-9474-1A3956D46DE8}") = "etemplate", "etemplate", "{CE86F8A2-E537-49FD-B14A-C2743DD452FA}"
EndProject
Project("{9A19103F-16F7-4668-BE54-9A1E7A4F7556}") = "Domain", "etemplate\Domain\Domain.csproj", "{4DFFBD3B-6517-4EDB-85E0-29D9771A76D5}"
EndProject
Project("{9A19103F-16F7-4668-BE54-9A1E7A4F7556}") = "Application", "etemplate\Application\Application.csproj", "{6525C395-C46D-484A-AF34-D29C3CDC2902}"
EndProject
Project("{9A19103F-16F7-4668-BE54-9A1E7A4F7556}") = "Infrastructure", "etemplate\Infrastructure\Infrastructure.csproj", "{72842453-BE10-4C9F-B787-3A4A463DDDC4}"
EndProject
Project("{9A19103F-16F7-4668-BE54-9A1E7A4F7556}") = "Persistence", "etemplate\Persistence\Persistence.csproj", "{9A4E5681-E297-4819-8033-1467F8FEDC1D}"
EndProject
Project("{9A19103F-16F7-4668-BE54-9A1E7A4F7556}") = "WebApi", "etemplate\WebApi\WebApi.csproj", "{E2F3CE71-EA84-44C5-B3F9-258447AB541F}"
EndProject
Project("{9A19103F-16F7-4668-BE54-9A1E7A4F7556}") = "Migration", "etemplate\Migration\Migration.csproj", "{C4439D6F-09ED-405A-A408-54320E041B69}"
EndProject
Project("{2150E333-8FDC-42A3-9474-1A3956D46DE8}") = "src", "src", "{8D421ACB-0BC5-423E-B123-17C9214FED3E}"
EndProject
Project("{2150E333-8FDC-42A3-9474-1A3956D46DE8}") = "core", "core", "{2FCACED1-A080-4AC0-9091-76ACCB216B08}"
EndProject
Project("{9A19103F-16F7-4668-BE54-9A1E7A4F7556}") = "Core.MessageBrokers", "src\core\Core.MessageBrokers\Core.MessageBrokers.csproj", "{8AB27948-6299-4BE3-853D-FCBF799BC524}"
EndProject
Project("{9A19103F-16F7-4668-BE54-9A1E7A4F7556}") = "Core.Events", "src\core\Core.Events\Core.Events.csproj", "{F99C82B1-6AA5-41BD-9AAD-CECBAB97E317}"
EndProject
Project("{2150E333-8FDC-42A3-9474-1A3956D46DE8}") = "services", "services", "{218852E5-7197-4C38-AEEB-4DE5AD95B930}"
EndProject
Project("{2150E333-8FDC-42A3-9474-1A3956D46DE8}") = "saga", "saga", "{259DC261-0E7F-42FA-8058-8A39774A7BBE}"
EndProject
Project("{9A19103F-16F7-4668-BE54-9A1E7A4F7556}") = "Saga.Service", "src\services\saga\Saga.Service\Saga.Service.csproj", "{6D0F6734-B3FE-4657-8DF9-490CB021C7D9}"
EndProject
Project("{9A19103F-16F7-4668-BE54-9A1E7A4F7556}") = "Saga.Application", "src\services\saga\Saga.Application\Saga.Application.csproj", "{39BBE827-B481-4B01-9D6F-ECAA5AF9E5DC}"
EndProject
Project("{9A19103F-16F7-4668-BE54-9A1E7A4F7556}") = "Saga.Persistence", "src\services\saga\Saga.Persistence\Saga.Persistence.csproj", "{77F9A3FB-4173-4642-8239-AC429CF205DC}"
EndProject
Project("{2150E333-8FDC-42A3-9474-1A3956D46DE8}") = "Solution Items", "Solution Items", "{E6F0D9E6-7F9F-4E1E-819C-1D070791077D}"
	ProjectSection(SolutionItems) = preProject
		Context.txt = Context.txt
	EndProjectSection
EndProject
Project("{2150E333-8FDC-42A3-9474-1A3956D46DE8}") = "api", "api", "{642930D2-6A33-4422-BCBC-DFF97437CBFF}"
EndProject
Project("{2150E333-8FDC-42A3-9474-1A3956D46DE8}") = "apigateway", "apigateway", "{E72C9F16-4F0A-43AF-A35F-4CE4CC23DC96}"
EndProject
Project("{2150E333-8FDC-42A3-9474-1A3956D46DE8}") = "identity", "identity", "{8A134974-F2EA-42CD-AF39-25D2332ED86C}"
EndProject
Project("{2150E333-8FDC-42A3-9474-1A3956D46DE8}") = "order", "order", "{B71147C7-44F2-4A6A-80F1-6EE667102C60}"
EndProject
Project("{FAE04EC0-301F-11D3-BF4B-00C04F79EFBC}") = "Order.API", "src\api\order\Order.API\Order.API.csproj", "{ECEEA899-69AC-42A9-A496-9DA5337D7F5B}"
EndProject
Project("{FAE04EC0-301F-11D3-BF4B-00C04F79EFBC}") = "Order.Application", "src\api\order\Order.Application\Order.Application.csproj", "{66AF5690-C897-46AA-BDCA-D0C612BCB32E}"
EndProject
Project("{FAE04EC0-301F-11D3-BF4B-00C04F79EFBC}") = "Core.Protos", "src\core\Core.Protos\Core.Protos.csproj", "{90A2EDB1-AD64-4E61-AE61-4869A8CE9EA9}"
EndProject
Project("{2150E333-8FDC-42A3-9474-1A3956D46DE8}") = "Todo", "Todo", "{BCB282DE-2B44-4CB7-845F-2F526DE075E3}"
EndProject
Global
	GlobalSection(SolutionConfigurationPlatforms) = preSolution
		Debug|Any CPU = Debug|Any CPU
		Release|Any CPU = Release|Any CPU
	EndGlobalSection
	GlobalSection(ProjectConfigurationPlatforms) = postSolution
		{4DFFBD3B-6517-4EDB-85E0-29D9771A76D5}.Debug|Any CPU.ActiveCfg = Debug|Any CPU
		{4DFFBD3B-6517-4EDB-85E0-29D9771A76D5}.Debug|Any CPU.Build.0 = Debug|Any CPU
		{4DFFBD3B-6517-4EDB-85E0-29D9771A76D5}.Release|Any CPU.ActiveCfg = Release|Any CPU
		{4DFFBD3B-6517-4EDB-85E0-29D9771A76D5}.Release|Any CPU.Build.0 = Release|Any CPU
		{6525C395-C46D-484A-AF34-D29C3CDC2902}.Debug|Any CPU.ActiveCfg = Debug|Any CPU
		{6525C395-C46D-484A-AF34-D29C3CDC2902}.Debug|Any CPU.Build.0 = Debug|Any CPU
		{6525C395-C46D-484A-AF34-D29C3CDC2902}.Release|Any CPU.ActiveCfg = Release|Any CPU
		{6525C395-C46D-484A-AF34-D29C3CDC2902}.Release|Any CPU.Build.0 = Release|Any CPU
		{72842453-BE10-4C9F-B787-3A4A463DDDC4}.Debug|Any CPU.ActiveCfg = Debug|Any CPU
		{72842453-BE10-4C9F-B787-3A4A463DDDC4}.Debug|Any CPU.Build.0 = Debug|Any CPU
		{72842453-BE10-4C9F-B787-3A4A463DDDC4}.Release|Any CPU.ActiveCfg = Release|Any CPU
		{72842453-BE10-4C9F-B787-3A4A463DDDC4}.Release|Any CPU.Build.0 = Release|Any CPU
		{9A4E5681-E297-4819-8033-1467F8FEDC1D}.Debug|Any CPU.ActiveCfg = Debug|Any CPU
		{9A4E5681-E297-4819-8033-1467F8FEDC1D}.Debug|Any CPU.Build.0 = Debug|Any CPU
		{9A4E5681-E297-4819-8033-1467F8FEDC1D}.Release|Any CPU.ActiveCfg = Release|Any CPU
		{9A4E5681-E297-4819-8033-1467F8FEDC1D}.Release|Any CPU.Build.0 = Release|Any CPU
		{E2F3CE71-EA84-44C5-B3F9-258447AB541F}.Debug|Any CPU.ActiveCfg = Debug|Any CPU
		{E2F3CE71-EA84-44C5-B3F9-258447AB541F}.Debug|Any CPU.Build.0 = Debug|Any CPU
		{E2F3CE71-EA84-44C5-B3F9-258447AB541F}.Release|Any CPU.ActiveCfg = Release|Any CPU
		{E2F3CE71-EA84-44C5-B3F9-258447AB541F}.Release|Any CPU.Build.0 = Release|Any CPU
		{C4439D6F-09ED-405A-A408-54320E041B69}.Debug|Any CPU.ActiveCfg = Debug|Any CPU
		{C4439D6F-09ED-405A-A408-54320E041B69}.Debug|Any CPU.Build.0 = Debug|Any CPU
		{C4439D6F-09ED-405A-A408-54320E041B69}.Release|Any CPU.ActiveCfg = Release|Any CPU
		{C4439D6F-09ED-405A-A408-54320E041B69}.Release|Any CPU.Build.0 = Release|Any CPU
		{8AB27948-6299-4BE3-853D-FCBF799BC524}.Debug|Any CPU.ActiveCfg = Debug|Any CPU
		{8AB27948-6299-4BE3-853D-FCBF799BC524}.Debug|Any CPU.Build.0 = Debug|Any CPU
		{8AB27948-6299-4BE3-853D-FCBF799BC524}.Release|Any CPU.ActiveCfg = Release|Any CPU
		{8AB27948-6299-4BE3-853D-FCBF799BC524}.Release|Any CPU.Build.0 = Release|Any CPU
		{F99C82B1-6AA5-41BD-9AAD-CECBAB97E317}.Debug|Any CPU.ActiveCfg = Debug|Any CPU
		{F99C82B1-6AA5-41BD-9AAD-CECBAB97E317}.Debug|Any CPU.Build.0 = Debug|Any CPU
		{F99C82B1-6AA5-41BD-9AAD-CECBAB97E317}.Release|Any CPU.ActiveCfg = Release|Any CPU
		{F99C82B1-6AA5-41BD-9AAD-CECBAB97E317}.Release|Any CPU.Build.0 = Release|Any CPU
		{6D0F6734-B3FE-4657-8DF9-490CB021C7D9}.Debug|Any CPU.ActiveCfg = Debug|Any CPU
		{6D0F6734-B3FE-4657-8DF9-490CB021C7D9}.Debug|Any CPU.Build.0 = Debug|Any CPU
		{6D0F6734-B3FE-4657-8DF9-490CB021C7D9}.Release|Any CPU.ActiveCfg = Release|Any CPU
		{6D0F6734-B3FE-4657-8DF9-490CB021C7D9}.Release|Any CPU.Build.0 = Release|Any CPU
		{39BBE827-B481-4B01-9D6F-ECAA5AF9E5DC}.Debug|Any CPU.ActiveCfg = Debug|Any CPU
		{39BBE827-B481-4B01-9D6F-ECAA5AF9E5DC}.Debug|Any CPU.Build.0 = Debug|Any CPU
		{39BBE827-B481-4B01-9D6F-ECAA5AF9E5DC}.Release|Any CPU.ActiveCfg = Release|Any CPU
		{39BBE827-B481-4B01-9D6F-ECAA5AF9E5DC}.Release|Any CPU.Build.0 = Release|Any CPU
		{77F9A3FB-4173-4642-8239-AC429CF205DC}.Debug|Any CPU.ActiveCfg = Debug|Any CPU
		{77F9A3FB-4173-4642-8239-AC429CF205DC}.Debug|Any CPU.Build.0 = Debug|Any CPU
		{77F9A3FB-4173-4642-8239-AC429CF205DC}.Release|Any CPU.ActiveCfg = Release|Any CPU
		{77F9A3FB-4173-4642-8239-AC429CF205DC}.Release|Any CPU.Build.0 = Release|Any CPU
		{ECEEA899-69AC-42A9-A496-9DA5337D7F5B}.Debug|Any CPU.ActiveCfg = Debug|Any CPU
		{ECEEA899-69AC-42A9-A496-9DA5337D7F5B}.Debug|Any CPU.Build.0 = Debug|Any CPU
		{ECEEA899-69AC-42A9-A496-9DA5337D7F5B}.Release|Any CPU.ActiveCfg = Release|Any CPU
		{ECEEA899-69AC-42A9-A496-9DA5337D7F5B}.Release|Any CPU.Build.0 = Release|Any CPU
		{66AF5690-C897-46AA-BDCA-D0C612BCB32E}.Debug|Any CPU.ActiveCfg = Debug|Any CPU
		{66AF5690-C897-46AA-BDCA-D0C612BCB32E}.Debug|Any CPU.Build.0 = Debug|Any CPU
		{66AF5690-C897-46AA-BDCA-D0C612BCB32E}.Release|Any CPU.ActiveCfg = Release|Any CPU
		{66AF5690-C897-46AA-BDCA-D0C612BCB32E}.Release|Any CPU.Build.0 = Release|Any CPU
		{90A2EDB1-AD64-4E61-AE61-4869A8CE9EA9}.Debug|Any CPU.ActiveCfg = Debug|Any CPU
		{90A2EDB1-AD64-4E61-AE61-4869A8CE9EA9}.Debug|Any CPU.Build.0 = Debug|Any CPU
		{90A2EDB1-AD64-4E61-AE61-4869A8CE9EA9}.Release|Any CPU.ActiveCfg = Release|Any CPU
		{90A2EDB1-AD64-4E61-AE61-4869A8CE9EA9}.Release|Any CPU.Build.0 = Release|Any CPU
	EndGlobalSection
	GlobalSection(SolutionProperties) = preSolution
		HideSolutionNode = FALSE
	EndGlobalSection
	GlobalSection(NestedProjects) = preSolution
		{4DFFBD3B-6517-4EDB-85E0-29D9771A76D5} = {CE86F8A2-E537-49FD-B14A-C2743DD452FA}
		{6525C395-C46D-484A-AF34-D29C3CDC2902} = {CE86F8A2-E537-49FD-B14A-C2743DD452FA}
		{72842453-BE10-4C9F-B787-3A4A463DDDC4} = {CE86F8A2-E537-49FD-B14A-C2743DD452FA}
		{9A4E5681-E297-4819-8033-1467F8FEDC1D} = {CE86F8A2-E537-49FD-B14A-C2743DD452FA}
		{E2F3CE71-EA84-44C5-B3F9-258447AB541F} = {CE86F8A2-E537-49FD-B14A-C2743DD452FA}
		{C4439D6F-09ED-405A-A408-54320E041B69} = {CE86F8A2-E537-49FD-B14A-C2743DD452FA}
		{8AB27948-6299-4BE3-853D-FCBF799BC524} = {2FCACED1-A080-4AC0-9091-76ACCB216B08}
		{F99C82B1-6AA5-41BD-9AAD-CECBAB97E317} = {2FCACED1-A080-4AC0-9091-76ACCB216B08}
		{218852E5-7197-4C38-AEEB-4DE5AD95B930} = {8D421ACB-0BC5-423E-B123-17C9214FED3E}
		{259DC261-0E7F-42FA-8058-8A39774A7BBE} = {218852E5-7197-4C38-AEEB-4DE5AD95B930}
		{6D0F6734-B3FE-4657-8DF9-490CB021C7D9} = {259DC261-0E7F-42FA-8058-8A39774A7BBE}
		{39BBE827-B481-4B01-9D6F-ECAA5AF9E5DC} = {259DC261-0E7F-42FA-8058-8A39774A7BBE}
		{77F9A3FB-4173-4642-8239-AC429CF205DC} = {259DC261-0E7F-42FA-8058-8A39774A7BBE}
		{642930D2-6A33-4422-BCBC-DFF97437CBFF} = {8D421ACB-0BC5-423E-B123-17C9214FED3E}
		{E72C9F16-4F0A-43AF-A35F-4CE4CC23DC96} = {642930D2-6A33-4422-BCBC-DFF97437CBFF}
		{8A134974-F2EA-42CD-AF39-25D2332ED86C} = {642930D2-6A33-4422-BCBC-DFF97437CBFF}
		{B71147C7-44F2-4A6A-80F1-6EE667102C60} = {642930D2-6A33-4422-BCBC-DFF97437CBFF}
		{ECEEA899-69AC-42A9-A496-9DA5337D7F5B} = {B71147C7-44F2-4A6A-80F1-6EE667102C60}
		{66AF5690-C897-46AA-BDCA-D0C612BCB32E} = {B71147C7-44F2-4A6A-80F1-6EE667102C60}
		{90A2EDB1-AD64-4E61-AE61-4869A8CE9EA9} = {2FCACED1-A080-4AC0-9091-76ACCB216B08}
		{BCB282DE-2B44-4CB7-845F-2F526DE075E3} = {218852E5-7197-4C38-AEEB-4DE5AD95B930}
	EndGlobalSection
	GlobalSection(ExtensibilityGlobals) = postSolution
		SolutionGuid = {53CE8155-D653-41F9-BC2B-25E8009A4DC1}
	EndGlobalSection
EndGlobal
