
Microsoft Visual Studio Solution File, Format Version 12.00
# Visual Studio Version 17
VisualStudioVersion = 17.7.34031.279
MinimumVisualStudioVersion = 10.0.40219.1
Project("{2150E333-8FDC-42A3-9474-1A3956D46DE8}") = "etemplate", "etemplate", "{CE86F8A2-E537-49FD-B14A-C2743DD452FA}"
EndProject
Project("{FAE04EC0-301F-11D3-BF4B-00C04F79EFBC}") = "Domain", "etemplate\Domain\Domain.csproj", "{4DFFBD3B-6517-4EDB-85E0-29D9771A76D5}"
EndProject
Project("{FAE04EC0-301F-11D3-BF4B-00C04F79EFBC}") = "Application", "etemplate\Application\Application.csproj", "{6525C395-C46D-484A-AF34-D29C3CDC2902}"
EndProject
Project("{FAE04EC0-301F-11D3-BF4B-00C04F79EFBC}") = "Infrastructure", "etemplate\Infrastructure\Infrastructure.csproj", "{72842453-BE10-4C9F-B787-3A4A463DDDC4}"
EndProject
Project("{FAE04EC0-301F-11D3-BF4B-00C04F79EFBC}") = "Persistence", "etemplate\Persistence\Persistence.csproj", "{9A4E5681-E297-4819-8033-1467F8FEDC1D}"
EndProject
Project("{FAE04EC0-301F-11D3-BF4B-00C04F79EFBC}") = "WebApi", "etemplate\WebApi\WebApi.csproj", "{E2F3CE71-EA84-44C5-B3F9-258447AB541F}"
EndProject
Project("{FAE04EC0-301F-11D3-BF4B-00C04F79EFBC}") = "Migration", "etemplate\Migration\Migration.csproj", "{C4439D6F-09ED-405A-A408-54320E041B69}"
EndProject
Project("{2150E333-8FDC-42A3-9474-1A3956D46DE8}") = "src", "src", "{8D421ACB-0BC5-423E-B123-17C9214FED3E}"
EndProject
Project("{2150E333-8FDC-42A3-9474-1A3956D46DE8}") = "catalog", "catalog", "{18B4D6B8-F43E-46F4-9052-6927BD8CD647}"
EndProject
Project("{2150E333-8FDC-42A3-9474-1A3956D46DE8}") = "shopping", "shopping", "{91A5C4AC-76F8-4CE7-800F-E6C502D6F060}"
EndProject
Project("{2150E333-8FDC-42A3-9474-1A3956D46DE8}") = "discount", "discount", "{D3738A18-FB9C-4C02-922F-F2EE4B238864}"
EndProject
Project("{2150E333-8FDC-42A3-9474-1A3956D46DE8}") = "ordering", "ordering", "{2C34B701-1306-4E12-878F-B861BAC5A65D}"
EndProject
Project("{2150E333-8FDC-42A3-9474-1A3956D46DE8}") = "search", "search", "{F037CFDA-8496-4840-B1C9-9BE3807EC77B}"
EndProject
Project("{2150E333-8FDC-42A3-9474-1A3956D46DE8}") = "core", "core", "{2FCACED1-A080-4AC0-9091-76ACCB216B08}"
EndProject
Project("{FAE04EC0-301F-11D3-BF4B-00C04F79EFBC}") = "Core.MessageBrokers", "src\core\Core.MessageBrokers\Core.MessageBrokers.csproj", "{8AB27948-6299-4BE3-853D-FCBF799BC524}"
EndProject
Global
	GlobalSection(SolutionConfigurationPlatforms) = preSolution
		Debug|Any CPU = Debug|Any CPU
		Release|Any CPU = Release|Any CPU
	EndGlobalSection
	GlobalSection(ProjectConfigurationPlatforms) = postSolution
		{4DFFBD3B-6517-4EDB-85E0-29D9771A76D5}.Debug|Any CPU.ActiveCfg = Debug|Any CPU
		{4DFFBD3B-6517-4EDB-85E0-29D9771A76D5}.Debug|Any CPU.Build.0 = Debug|Any CPU
		{4DFFBD3B-6517-4EDB-85E0-29D9771A76D5}.Release|Any CPU.ActiveCfg = Release|Any CPU
		{4DFFBD3B-6517-4EDB-85E0-29D9771A76D5}.Release|Any CPU.Build.0 = Release|Any CPU
		{6525C395-C46D-484A-AF34-D29C3CDC2902}.Debug|Any CPU.ActiveCfg = Debug|Any CPU
		{6525C395-C46D-484A-AF34-D29C3CDC2902}.Debug|Any CPU.Build.0 = Debug|Any CPU
		{6525C395-C46D-484A-AF34-D29C3CDC2902}.Release|Any CPU.ActiveCfg = Release|Any CPU
		{6525C395-C46D-484A-AF34-D29C3CDC2902}.Release|Any CPU.Build.0 = Release|Any CPU
		{72842453-BE10-4C9F-B787-3A4A463DDDC4}.Debug|Any CPU.ActiveCfg = Debug|Any CPU
		{72842453-BE10-4C9F-B787-3A4A463DDDC4}.Debug|Any CPU.Build.0 = Debug|Any CPU
		{72842453-BE10-4C9F-B787-3A4A463DDDC4}.Release|Any CPU.ActiveCfg = Release|Any CPU
		{72842453-BE10-4C9F-B787-3A4A463DDDC4}.Release|Any CPU.Build.0 = Release|Any CPU
		{9A4E5681-E297-4819-8033-1467F8FEDC1D}.Debug|Any CPU.ActiveCfg = Debug|Any CPU
		{9A4E5681-E297-4819-8033-1467F8FEDC1D}.Debug|Any CPU.Build.0 = Debug|Any CPU
		{9A4E5681-E297-4819-8033-1467F8FEDC1D}.Release|Any CPU.ActiveCfg = Release|Any CPU
		{9A4E5681-E297-4819-8033-1467F8FEDC1D}.Release|Any CPU.Build.0 = Release|Any CPU
		{E2F3CE71-EA84-44C5-B3F9-258447AB541F}.Debug|Any CPU.ActiveCfg = Debug|Any CPU
		{E2F3CE71-EA84-44C5-B3F9-258447AB541F}.Debug|Any CPU.Build.0 = Debug|Any CPU
		{E2F3CE71-EA84-44C5-B3F9-258447AB541F}.Release|Any CPU.ActiveCfg = Release|Any CPU
		{E2F3CE71-EA84-44C5-B3F9-258447AB541F}.Release|Any CPU.Build.0 = Release|Any CPU
		{C4439D6F-09ED-405A-A408-54320E041B69}.Debug|Any CPU.ActiveCfg = Debug|Any CPU
		{C4439D6F-09ED-405A-A408-54320E041B69}.Debug|Any CPU.Build.0 = Debug|Any CPU
		{C4439D6F-09ED-405A-A408-54320E041B69}.Release|Any CPU.ActiveCfg = Release|Any CPU
		{C4439D6F-09ED-405A-A408-54320E041B69}.Release|Any CPU.Build.0 = Release|Any CPU
		{8AB27948-6299-4BE3-853D-FCBF799BC524}.Debug|Any CPU.ActiveCfg = Debug|Any CPU
		{8AB27948-6299-4BE3-853D-FCBF799BC524}.Debug|Any CPU.Build.0 = Debug|Any CPU
		{8AB27948-6299-4BE3-853D-FCBF799BC524}.Release|Any CPU.ActiveCfg = Release|Any CPU
		{8AB27948-6299-4BE3-853D-FCBF799BC524}.Release|Any CPU.Build.0 = Release|Any CPU
	EndGlobalSection
	GlobalSection(SolutionProperties) = preSolution
		HideSolutionNode = FALSE
	EndGlobalSection
	GlobalSection(NestedProjects) = preSolution
		{4DFFBD3B-6517-4EDB-85E0-29D9771A76D5} = {CE86F8A2-E537-49FD-B14A-C2743DD452FA}
		{6525C395-C46D-484A-AF34-D29C3CDC2902} = {CE86F8A2-E537-49FD-B14A-C2743DD452FA}
		{72842453-BE10-4C9F-B787-3A4A463DDDC4} = {CE86F8A2-E537-49FD-B14A-C2743DD452FA}
		{9A4E5681-E297-4819-8033-1467F8FEDC1D} = {CE86F8A2-E537-49FD-B14A-C2743DD452FA}
		{E2F3CE71-EA84-44C5-B3F9-258447AB541F} = {CE86F8A2-E537-49FD-B14A-C2743DD452FA}
		{C4439D6F-09ED-405A-A408-54320E041B69} = {CE86F8A2-E537-49FD-B14A-C2743DD452FA}
		{18B4D6B8-F43E-46F4-9052-6927BD8CD647} = {8D421ACB-0BC5-423E-B123-17C9214FED3E}
		{91A5C4AC-76F8-4CE7-800F-E6C502D6F060} = {8D421ACB-0BC5-423E-B123-17C9214FED3E}
		{D3738A18-FB9C-4C02-922F-F2EE4B238864} = {8D421ACB-0BC5-423E-B123-17C9214FED3E}
		{2C34B701-1306-4E12-878F-B861BAC5A65D} = {8D421ACB-0BC5-423E-B123-17C9214FED3E}
		{F037CFDA-8496-4840-B1C9-9BE3807EC77B} = {8D421ACB-0BC5-423E-B123-17C9214FED3E}
		{8AB27948-6299-4BE3-853D-FCBF799BC524} = {2FCACED1-A080-4AC0-9091-76ACCB216B08}
	EndGlobalSection
	GlobalSection(ExtensibilityGlobals) = postSolution
		SolutionGuid = {53CE8155-D653-41F9-BC2B-25E8009A4DC1}
	EndGlobalSection
EndGlobal
